
Microsoft Visual Studio Solution File, Format Version 12.00
# Visual Studio Version 16
VisualStudioVersion = 25.0.1706.0
MinimumVisualStudioVersion = 10.0.40219.1
Project("{FAE04EC0-301F-11D3-BF4B-00C04F79EFBC}") = "Poizon", "Poizon\Poizon.csproj", "{E37EF5FA-7621-4E62-84F1-A8CCF7FB0100}"
EndProject
Project("{2150E333-8FDC-42A3-9474-1A3956D46DE8}") = "Domain", "Domain", "{754884B1-4B1B-49BE-9273-5B2B14FED47B}"
EndProject
Project("{FAE04EC0-301F-11D3-BF4B-00C04F79EFBC}") = "Poizon.Domain", "Poizon.Domain\Poizon.Domain.csproj", "{07694556-7E45-403F-A9FB-1CA23449306E}"
EndProject
Project("{2150E333-8FDC-42A3-9474-1A3956D46DE8}") = "DAL", "DAL", "{DB8F667A-9455-41F4-8C07-5A60E797EAF4}"
EndProject
Project("{FAE04EC0-301F-11D3-BF4B-00C04F79EFBC}") = "Poizon.DAL", "Poizon.DAL\Poizon.DAL.csproj", "{6B4D83F7-18AC-41B5-BEE8-8F964B1620EE}"
EndProject
Project("{2150E333-8FDC-42A3-9474-1A3956D46DE8}") = "Services", "Services", "{21D5032D-CD6F-4D1B-8402-18D287ADA6C2}"
EndProject
Project("{FAE04EC0-301F-11D3-BF4B-00C04F79EFBC}") = "Poizon.Services", "Poizon.Services\Poizon.Services.csproj", "{5530D567-896B-46C8-B2B0-78636DF8339F}"
EndProject
Global
	GlobalSection(SolutionConfigurationPlatforms) = preSolution
		Debug|Any CPU = Debug|Any CPU
		Release|Any CPU = Release|Any CPU
	EndGlobalSection
	GlobalSection(ProjectConfigurationPlatforms) = postSolution
		{E37EF5FA-7621-4E62-84F1-A8CCF7FB0100}.Debug|Any CPU.ActiveCfg = Debug|Any CPU
		{E37EF5FA-7621-4E62-84F1-A8CCF7FB0100}.Debug|Any CPU.Build.0 = Debug|Any CPU
		{E37EF5FA-7621-4E62-84F1-A8CCF7FB0100}.Release|Any CPU.ActiveCfg = Release|Any CPU
		{E37EF5FA-7621-4E62-84F1-A8CCF7FB0100}.Release|Any CPU.Build.0 = Release|Any CPU
		{07694556-7E45-403F-A9FB-1CA23449306E}.Debug|Any CPU.ActiveCfg = Debug|Any CPU
		{07694556-7E45-403F-A9FB-1CA23449306E}.Debug|Any CPU.Build.0 = Debug|Any CPU
		{07694556-7E45-403F-A9FB-1CA23449306E}.Release|Any CPU.ActiveCfg = Release|Any CPU
		{07694556-7E45-403F-A9FB-1CA23449306E}.Release|Any CPU.Build.0 = Release|Any CPU
		{6B4D83F7-18AC-41B5-BEE8-8F964B1620EE}.Debug|Any CPU.ActiveCfg = Debug|Any CPU
		{6B4D83F7-18AC-41B5-BEE8-8F964B1620EE}.Debug|Any CPU.Build.0 = Debug|Any CPU
		{6B4D83F7-18AC-41B5-BEE8-8F964B1620EE}.Release|Any CPU.ActiveCfg = Release|Any CPU
		{6B4D83F7-18AC-41B5-BEE8-8F964B1620EE}.Release|Any CPU.Build.0 = Release|Any CPU
		{5530D567-896B-46C8-B2B0-78636DF8339F}.Debug|Any CPU.ActiveCfg = Debug|Any CPU
		{5530D567-896B-46C8-B2B0-78636DF8339F}.Debug|Any CPU.Build.0 = Debug|Any CPU
		{5530D567-896B-46C8-B2B0-78636DF8339F}.Release|Any CPU.ActiveCfg = Release|Any CPU
		{5530D567-896B-46C8-B2B0-78636DF8339F}.Release|Any CPU.Build.0 = Release|Any CPU
	EndGlobalSection
	GlobalSection(SolutionProperties) = preSolution
		HideSolutionNode = FALSE
	EndGlobalSection
	GlobalSection(ExtensibilityGlobals) = postSolution
		SolutionGuid = {074A1719-D17E-4F8A-8F47-054C9513F949}
	EndGlobalSection
	GlobalSection(NestedProjects) = preSolution
		{07694556-7E45-403F-A9FB-1CA23449306E} = {754884B1-4B1B-49BE-9273-5B2B14FED47B}
		{6B4D83F7-18AC-41B5-BEE8-8F964B1620EE} = {DB8F667A-9455-41F4-8C07-5A60E797EAF4}
		{5530D567-896B-46C8-B2B0-78636DF8339F} = {21D5032D-CD6F-4D1B-8402-18D287ADA6C2}
	EndGlobalSection
EndGlobal
