
Microsoft Visual Studio Solution File, Format Version 12.00
# Visual Studio Version 16
VisualStudioVersion = 25.0.1705.4
MinimumVisualStudioVersion = 10.0.40219.1
Project("{FAE04EC0-301F-11D3-BF4B-00C04F79EFBC}") = "Poizon", "Poizon\Poizon.csproj", "{3EF06FDA-1FDE-456A-AC45-5233ADD7477F}"
EndProject
Global
	GlobalSection(SolutionConfigurationPlatforms) = preSolution
		Debug|Any CPU = Debug|Any CPU
		Release|Any CPU = Release|Any CPU
	EndGlobalSection
	GlobalSection(ProjectConfigurationPlatforms) = postSolution
		{3EF06FDA-1FDE-456A-AC45-5233ADD7477F}.Debug|Any CPU.ActiveCfg = Debug|Any CPU
		{3EF06FDA-1FDE-456A-AC45-5233ADD7477F}.Debug|Any CPU.Build.0 = Debug|Any CPU
		{3EF06FDA-1FDE-456A-AC45-5233ADD7477F}.Release|Any CPU.ActiveCfg = Release|Any CPU
		{3EF06FDA-1FDE-456A-AC45-5233ADD7477F}.Release|Any CPU.Build.0 = Release|Any CPU
	EndGlobalSection
	GlobalSection(SolutionProperties) = preSolution
		HideSolutionNode = FALSE
	EndGlobalSection
	GlobalSection(ExtensibilityGlobals) = postSolution
		SolutionGuid = {18B65E78-5738-42B4-BC02-09C757243D5B}
	EndGlobalSection
EndGlobal
